
Microsoft Visual Studio Solution File, Format Version 12.00
# Visual Studio Version 17
VisualStudioVersion = 17.8.34330.188
MinimumVisualStudioVersion = 10.0.40219.1
Project("{FAE04EC0-301F-11D3-BF4B-00C04F79EFBC}") = "4.8_home", "4.8_home\4.8_home.csproj", "{7ADCCC6E-3908-4765-97F4-945F2B41B739}"
EndProject
Project("{2150E333-8FDC-42A3-9474-1A3956D46DE8}") = "Home_3_4", "Home_3_4", "{2F9A7B97-B7C4-4954-A380-7EFD4B9C88BB}"
EndProject
Project("{FAE04EC0-301F-11D3-BF4B-00C04F79EFBC}") = "3.10", "3.10\3.10.csproj", "{5F8BEFF9-A235-4FAA-8985-BDD4CA768052}"
EndProject
Global
	GlobalSection(SolutionConfigurationPlatforms) = preSolution
		Debug|Any CPU = Debug|Any CPU
		Release|Any CPU = Release|Any CPU
	EndGlobalSection
	GlobalSection(ProjectConfigurationPlatforms) = postSolution
		{7ADCCC6E-3908-4765-97F4-945F2B41B739}.Debug|Any CPU.ActiveCfg = Debug|Any CPU
		{7ADCCC6E-3908-4765-97F4-945F2B41B739}.Debug|Any CPU.Build.0 = Debug|Any CPU
		{7ADCCC6E-3908-4765-97F4-945F2B41B739}.Release|Any CPU.ActiveCfg = Release|Any CPU
		{7ADCCC6E-3908-4765-97F4-945F2B41B739}.Release|Any CPU.Build.0 = Release|Any CPU
		{5F8BEFF9-A235-4FAA-8985-BDD4CA768052}.Debug|Any CPU.ActiveCfg = Debug|Any CPU
		{5F8BEFF9-A235-4FAA-8985-BDD4CA768052}.Debug|Any CPU.Build.0 = Debug|Any CPU
		{5F8BEFF9-A235-4FAA-8985-BDD4CA768052}.Release|Any CPU.ActiveCfg = Release|Any CPU
		{5F8BEFF9-A235-4FAA-8985-BDD4CA768052}.Release|Any CPU.Build.0 = Release|Any CPU
	EndGlobalSection
	GlobalSection(SolutionProperties) = preSolution
		HideSolutionNode = FALSE
	EndGlobalSection
	GlobalSection(NestedProjects) = preSolution
		{7ADCCC6E-3908-4765-97F4-945F2B41B739} = {2F9A7B97-B7C4-4954-A380-7EFD4B9C88BB}
		{5F8BEFF9-A235-4FAA-8985-BDD4CA768052} = {2F9A7B97-B7C4-4954-A380-7EFD4B9C88BB}
	EndGlobalSection
	GlobalSection(ExtensibilityGlobals) = postSolution
		SolutionGuid = {D315EE71-0FC7-4310-85AB-64BF1B871BE5}
	EndGlobalSection
EndGlobal
